
Microsoft Visual Studio Solution File, Format Version 12.00
# Visual Studio 15
VisualStudioVersion = 15.0.27703.2018
MinimumVisualStudioVersion = 10.0.40219.1
Project("{FAE04EC0-301F-11D3-BF4B-00C04F79EFBC}") = "InvoiceSOLIDApp", "InvoiceSOLIDApp\InvoiceSOLIDApp.csproj", "{583C7F66-F567-4FC8-8A90-0DEE3E039D75}"
EndProject
Project("{FAE04EC0-301F-11D3-BF4B-00C04F79EFBC}") = "InvoiceSOLID_Test", "InvoiceSOLID_Test\InvoiceSOLID_Test.csproj", "{CE336143-6F1D-4794-93FD-79CED0923A23}"
EndProject
Global
	GlobalSection(SolutionConfigurationPlatforms) = preSolution
		Debug|Any CPU = Debug|Any CPU
		Release|Any CPU = Release|Any CPU
	EndGlobalSection
	GlobalSection(ProjectConfigurationPlatforms) = postSolution
		{583C7F66-F567-4FC8-8A90-0DEE3E039D75}.Debug|Any CPU.ActiveCfg = Debug|Any CPU
		{583C7F66-F567-4FC8-8A90-0DEE3E039D75}.Debug|Any CPU.Build.0 = Debug|Any CPU
		{583C7F66-F567-4FC8-8A90-0DEE3E039D75}.Release|Any CPU.ActiveCfg = Release|Any CPU
		{583C7F66-F567-4FC8-8A90-0DEE3E039D75}.Release|Any CPU.Build.0 = Release|Any CPU
		{CE336143-6F1D-4794-93FD-79CED0923A23}.Debug|Any CPU.ActiveCfg = Debug|Any CPU
		{CE336143-6F1D-4794-93FD-79CED0923A23}.Debug|Any CPU.Build.0 = Debug|Any CPU
		{CE336143-6F1D-4794-93FD-79CED0923A23}.Release|Any CPU.ActiveCfg = Release|Any CPU
		{CE336143-6F1D-4794-93FD-79CED0923A23}.Release|Any CPU.Build.0 = Release|Any CPU
	EndGlobalSection
	GlobalSection(SolutionProperties) = preSolution
		HideSolutionNode = FALSE
	EndGlobalSection
	GlobalSection(ExtensibilityGlobals) = postSolution
		SolutionGuid = {F6EF2F0B-0583-41D5-8573-F4985B2E1784}
	EndGlobalSection
EndGlobal
